
Microsoft Visual Studio Solution File, Format Version 12.00
# Visual Studio Version 16
VisualStudioVersion = 16.0.31205.134
MinimumVisualStudioVersion = 10.0.40219.1
Project("{FAE04EC0-301F-11D3-BF4B-00C04F79EFBC}") = "WebApiAjax", "WebApiAjax\WebApiAjax.csproj", "{BAC77E87-A0E6-4B5D-BEE8-E9DBCC31F712}"
EndProject
Global
	GlobalSection(SolutionConfigurationPlatforms) = preSolution
		Debug|Any CPU = Debug|Any CPU
		Release|Any CPU = Release|Any CPU
	EndGlobalSection
	GlobalSection(ProjectConfigurationPlatforms) = postSolution
		{BAC77E87-A0E6-4B5D-BEE8-E9DBCC31F712}.Debug|Any CPU.ActiveCfg = Debug|Any CPU
		{BAC77E87-A0E6-4B5D-BEE8-E9DBCC31F712}.Debug|Any CPU.Build.0 = Debug|Any CPU
		{BAC77E87-A0E6-4B5D-BEE8-E9DBCC31F712}.Release|Any CPU.ActiveCfg = Release|Any CPU
		{BAC77E87-A0E6-4B5D-BEE8-E9DBCC31F712}.Release|Any CPU.Build.0 = Release|Any CPU
	EndGlobalSection
	GlobalSection(SolutionProperties) = preSolution
		HideSolutionNode = FALSE
	EndGlobalSection
	GlobalSection(ExtensibilityGlobals) = postSolution
		SolutionGuid = {54136851-16C7-4F37-BC9E-AA31B9322285}
	EndGlobalSection
EndGlobal
